
Microsoft Visual Studio Solution File, Format Version 12.00
# Visual Studio Version 17
VisualStudioVersion = 17.0.31903.59
MinimumVisualStudioVersion = 10.0.40219.1
Project("{FAE04EC0-301F-11D3-BF4B-00C04F79EFBC}") = "LibraryApp.Domain", "LibraryApp.Domain\LibraryApp.Domain.csproj", "{0E525D6C-C909-427C-B524-3A867EDC9B3D}"
EndProject
Project("{FAE04EC0-301F-11D3-BF4B-00C04F79EFBC}") = "LibraryApp.Utils", "LibraryApp.Utils\LibraryApp.Utils.csproj", "{0D6A564A-404C-49FA-8231-DCD8043C990D}"
EndProject
Project("{FAE04EC0-301F-11D3-BF4B-00C04F79EFBC}") = "LibraryApp.Dto", "LibraryApp.Dto\LibraryApp.Dto.csproj", "{C96322C1-F2CF-46F1-B4DB-5C9603CDF98D}"
EndProject
Project("{FAE04EC0-301F-11D3-BF4B-00C04F79EFBC}") = "LibraryApp.EntityFrameWorkCore", "LibraryApp.EntityFrameWorkCore\LibraryApp.EntityFrameWorkCore.csproj", "{E082BE35-F3D9-4FE9-9F36-1BCC32A8FB2A}"
EndProject
Project("{FAE04EC0-301F-11D3-BF4B-00C04F79EFBC}") = "LibraryApp.CrossCutting", "LibraryApp.CrossCutting\LibraryApp.CrossCutting.csproj", "{4F783AD6-1C5B-4C97-9D54-54AD0062F5F0}"
EndProject
Project("{FAE04EC0-301F-11D3-BF4B-00C04F79EFBC}") = "LibraryApp.Manager", "LibraryApp.Manager\LibraryApp.Manager.csproj", "{D2B6E098-ACC4-4BC9-BB1C-C511F043190E}"
EndProject
Project("{FAE04EC0-301F-11D3-BF4B-00C04F79EFBC}") = "LibraryApp.Api", "LibraryApp.Api\LibraryApp.Api.csproj", "{5DD93203-3264-4ED4-9FFA-E85B2073726E}"
EndProject
Global
	GlobalSection(SolutionConfigurationPlatforms) = preSolution
		Debug|Any CPU = Debug|Any CPU
		Release|Any CPU = Release|Any CPU
	EndGlobalSection
	GlobalSection(SolutionProperties) = preSolution
		HideSolutionNode = FALSE
	EndGlobalSection
	GlobalSection(ProjectConfigurationPlatforms) = postSolution
		{0E525D6C-C909-427C-B524-3A867EDC9B3D}.Debug|Any CPU.ActiveCfg = Debug|Any CPU
		{0E525D6C-C909-427C-B524-3A867EDC9B3D}.Debug|Any CPU.Build.0 = Debug|Any CPU
		{0E525D6C-C909-427C-B524-3A867EDC9B3D}.Release|Any CPU.ActiveCfg = Release|Any CPU
		{0E525D6C-C909-427C-B524-3A867EDC9B3D}.Release|Any CPU.Build.0 = Release|Any CPU
		{0D6A564A-404C-49FA-8231-DCD8043C990D}.Debug|Any CPU.ActiveCfg = Debug|Any CPU
		{0D6A564A-404C-49FA-8231-DCD8043C990D}.Debug|Any CPU.Build.0 = Debug|Any CPU
		{0D6A564A-404C-49FA-8231-DCD8043C990D}.Release|Any CPU.ActiveCfg = Release|Any CPU
		{0D6A564A-404C-49FA-8231-DCD8043C990D}.Release|Any CPU.Build.0 = Release|Any CPU
		{C96322C1-F2CF-46F1-B4DB-5C9603CDF98D}.Debug|Any CPU.ActiveCfg = Debug|Any CPU
		{C96322C1-F2CF-46F1-B4DB-5C9603CDF98D}.Debug|Any CPU.Build.0 = Debug|Any CPU
		{C96322C1-F2CF-46F1-B4DB-5C9603CDF98D}.Release|Any CPU.ActiveCfg = Release|Any CPU
		{C96322C1-F2CF-46F1-B4DB-5C9603CDF98D}.Release|Any CPU.Build.0 = Release|Any CPU
		{E082BE35-F3D9-4FE9-9F36-1BCC32A8FB2A}.Debug|Any CPU.ActiveCfg = Debug|Any CPU
		{E082BE35-F3D9-4FE9-9F36-1BCC32A8FB2A}.Debug|Any CPU.Build.0 = Debug|Any CPU
		{E082BE35-F3D9-4FE9-9F36-1BCC32A8FB2A}.Release|Any CPU.ActiveCfg = Release|Any CPU
		{E082BE35-F3D9-4FE9-9F36-1BCC32A8FB2A}.Release|Any CPU.Build.0 = Release|Any CPU
		{4F783AD6-1C5B-4C97-9D54-54AD0062F5F0}.Debug|Any CPU.ActiveCfg = Debug|Any CPU
		{4F783AD6-1C5B-4C97-9D54-54AD0062F5F0}.Debug|Any CPU.Build.0 = Debug|Any CPU
		{4F783AD6-1C5B-4C97-9D54-54AD0062F5F0}.Release|Any CPU.ActiveCfg = Release|Any CPU
		{4F783AD6-1C5B-4C97-9D54-54AD0062F5F0}.Release|Any CPU.Build.0 = Release|Any CPU
		{D2B6E098-ACC4-4BC9-BB1C-C511F043190E}.Debug|Any CPU.ActiveCfg = Debug|Any CPU
		{D2B6E098-ACC4-4BC9-BB1C-C511F043190E}.Debug|Any CPU.Build.0 = Debug|Any CPU
		{D2B6E098-ACC4-4BC9-BB1C-C511F043190E}.Release|Any CPU.ActiveCfg = Release|Any CPU
		{D2B6E098-ACC4-4BC9-BB1C-C511F043190E}.Release|Any CPU.Build.0 = Release|Any CPU
		{5DD93203-3264-4ED4-9FFA-E85B2073726E}.Debug|Any CPU.ActiveCfg = Debug|Any CPU
		{5DD93203-3264-4ED4-9FFA-E85B2073726E}.Debug|Any CPU.Build.0 = Debug|Any CPU
		{5DD93203-3264-4ED4-9FFA-E85B2073726E}.Release|Any CPU.ActiveCfg = Release|Any CPU
		{5DD93203-3264-4ED4-9FFA-E85B2073726E}.Release|Any CPU.Build.0 = Release|Any CPU
	EndGlobalSection
EndGlobal
